// !$*UTF8*$!
{
	archiveVersion = 1;
	classes = {
	};
	objectVersion = 56;
	objects = {

/* Begin PBXBuildFile section */
		263802CF2D0002350011D3AC /* ThingsListCell.swift in Sources */ = {isa = PBXBuildFile; fileRef = 263802CE2D00022F0011D3AC /* ThingsListCell.swift */; };
		263803002D091E340011D3AC /* Counter.swift in Sources */ = {isa = PBXBuildFile; fileRef = 263802FF2D091E340011D3AC /* Counter.swift */; };
		263803022D0BCF850011D3AC /* ThingsSearchIcon.swift in Sources */ = {isa = PBXBuildFile; fileRef = 263803012D0BCF850011D3AC /* ThingsSearchIcon.swift */; };
		2696720E2D13B2B900E6C893 /* ConfettiEffect.swift in Sources */ = {isa = PBXBuildFile; fileRef = 2696720D2D13B2B900E6C893 /* ConfettiEffect.swift */; };
		269672102D1702FE00E6C893 /* ComposerSwipe.swift in Sources */ = {isa = PBXBuildFile; fileRef = 2696720F2D1702FE00E6C893 /* ComposerSwipe.swift */; };
		269672122D1F3FEE00E6C893 /* SignSheet.swift in Sources */ = {isa = PBXBuildFile; fileRef = 269672112D1F3FEE00E6C893 /* SignSheet.swift */; };
		26DC597A2CED725B00851CBF /* PrototypesApp.swift in Sources */ = {isa = PBXBuildFile; fileRef = 26DC59792CED725B00851CBF /* PrototypesApp.swift */; };
		26DC597C2CED725B00851CBF /* ContentView.swift in Sources */ = {isa = PBXBuildFile; fileRef = 26DC597B2CED725B00851CBF /* ContentView.swift */; };
		26DC597E2CED725C00851CBF /* Assets.xcassets in Resources */ = {isa = PBXBuildFile; fileRef = 26DC597D2CED725C00851CBF /* Assets.xcassets */; };
		26DC59812CED725C00851CBF /* Preview Assets.xcassets in Resources */ = {isa = PBXBuildFile; fileRef = 26DC59802CED725C00851CBF /* Preview Assets.xcassets */; };
		26DC59882CED727200851CBF /* IDCard.swift in Sources */ = {isa = PBXBuildFile; fileRef = 26DC59872CED727200851CBF /* IDCard.swift */; };
		26E074E62D0DED84000025B2 /* FamilyTray.swift in Sources */ = {isa = PBXBuildFile; fileRef = 26E074E52D0DED84000025B2 /* FamilyTray.swift */; };
		26E6E7392CF8DBC90081B66E /* MeshPractice.swift in Sources */ = {isa = PBXBuildFile; fileRef = 26E6E7382CF8DBC90081B66E /* MeshPractice.swift */; };
		D13DD1862D2881F3000BBDF0 /* MapTile.swift in Sources */ = {isa = PBXBuildFile; fileRef = D13DD1852D2881F3000BBDF0 /* MapTile.swift */; };
		D13DD1882D28834E000BBDF0 /* DynamicToast.swift in Sources */ = {isa = PBXBuildFile; fileRef = D13DD1872D28834E000BBDF0 /* DynamicToast.swift */; };
/* End PBXBuildFile section */

/* Begin PBXFileReference section */
		263802CE2D00022F0011D3AC /* ThingsListCell.swift */ = {isa = PBXFileReference; lastKnownFileType = sourcecode.swift; path = ThingsListCell.swift; sourceTree = "<group>"; };
		263802FF2D091E340011D3AC /* Counter.swift */ = {isa = PBXFileReference; lastKnownFileType = sourcecode.swift; path = Counter.swift; sourceTree = "<group>"; };
		263803012D0BCF850011D3AC /* ThingsSearchIcon.swift */ = {isa = PBXFileReference; lastKnownFileType = sourcecode.swift; path = ThingsSearchIcon.swift; sourceTree = "<group>"; };
		2696720D2D13B2B900E6C893 /* ConfettiEffect.swift */ = {isa = PBXFileReference; lastKnownFileType = sourcecode.swift; path = ConfettiEffect.swift; sourceTree = "<group>"; };
		2696720F2D1702FE00E6C893 /* ComposerSwipe.swift */ = {isa = PBXFileReference; lastKnownFileType = sourcecode.swift; path = ComposerSwipe.swift; sourceTree = "<group>"; };
		269672112D1F3FEE00E6C893 /* SignSheet.swift */ = {isa = PBXFileReference; lastKnownFileType = sourcecode.swift; path = SignSheet.swift; sourceTree = "<group>"; };
		26DC59762CED725B00851CBF /* Prototypes.app */ = {isa = PBXFileReference; explicitFileType = wrapper.application; includeInIndex = 0; path = Prototypes.app; sourceTree = BUILT_PRODUCTS_DIR; };
		26DC59792CED725B00851CBF /* PrototypesApp.swift */ = {isa = PBXFileReference; lastKnownFileType = sourcecode.swift; path = PrototypesApp.swift; sourceTree = "<group>"; };
		26DC597B2CED725B00851CBF /* ContentView.swift */ = {isa = PBXFileReference; lastKnownFileType = sourcecode.swift; path = ContentView.swift; sourceTree = "<group>"; };
		26DC597D2CED725C00851CBF /* Assets.xcassets */ = {isa = PBXFileReference; lastKnownFileType = folder.assetcatalog; path = Assets.xcassets; sourceTree = "<group>"; };
		26DC59802CED725C00851CBF /* Preview Assets.xcassets */ = {isa = PBXFileReference; lastKnownFileType = folder.assetcatalog; path = "Preview Assets.xcassets"; sourceTree = "<group>"; };
		26DC59872CED727200851CBF /* IDCard.swift */ = {isa = PBXFileReference; lastKnownFileType = sourcecode.swift; path = IDCard.swift; sourceTree = "<group>"; };
		26E074E52D0DED84000025B2 /* FamilyTray.swift */ = {isa = PBXFileReference; lastKnownFileType = sourcecode.swift; path = FamilyTray.swift; sourceTree = "<group>"; };
		26E6E7382CF8DBC90081B66E /* MeshPractice.swift */ = {isa = PBXFileReference; lastKnownFileType = sourcecode.swift; path = MeshPractice.swift; sourceTree = "<group>"; };
		D13DD1852D2881F3000BBDF0 /* MapTile.swift */ = {isa = PBXFileReference; lastKnownFileType = sourcecode.swift; path = MapTile.swift; sourceTree = "<group>"; };
		D13DD1872D28834E000BBDF0 /* DynamicToast.swift */ = {isa = PBXFileReference; lastKnownFileType = sourcecode.swift; path = DynamicToast.swift; sourceTree = "<group>"; };
/* End PBXFileReference section */

/* Begin PBXFrameworksBuildPhase section */
		26DC59732CED725B00851CBF /* Frameworks */ = {
			isa = PBXFrameworksBuildPhase;
			buildActionMask = 2147483647;
			files = (
			);
			runOnlyForDeploymentPostprocessing = 0;
		};
/* End PBXFrameworksBuildPhase section */

/* Begin PBXGroup section */
		26DC596D2CED725B00851CBF = {
			isa = PBXGroup;
			children = (
				26DC59782CED725B00851CBF /* Prototypes */,
				26DC59772CED725B00851CBF /* Products */,
			);
			sourceTree = "<group>";
		};
		26DC59772CED725B00851CBF /* Products */ = {
			isa = PBXGroup;
			children = (
				26DC59762CED725B00851CBF /* Prototypes.app */,
			);
			name = Products;
			sourceTree = "<group>";
		};
		26DC59782CED725B00851CBF /* Prototypes */ = {
			isa = PBXGroup;
			children = (
				26DC59792CED725B00851CBF /* PrototypesApp.swift */,
				26DC597B2CED725B00851CBF /* ContentView.swift */,
				26E6E7382CF8DBC90081B66E /* MeshPractice.swift */,
				26DC59872CED727200851CBF /* IDCard.swift */,
				263802CE2D00022F0011D3AC /* ThingsListCell.swift */,
				263803012D0BCF850011D3AC /* ThingsSearchIcon.swift */,
				26E074E52D0DED84000025B2 /* FamilyTray.swift */,
				263802FF2D091E340011D3AC /* Counter.swift */,
				2696720F2D1702FE00E6C893 /* ComposerSwipe.swift */,
				2696720D2D13B2B900E6C893 /* ConfettiEffect.swift */,
				269672112D1F3FEE00E6C893 /* SignSheet.swift */,
				D13DD1852D2881F3000BBDF0 /* MapTile.swift */,
				D13DD1872D28834E000BBDF0 /* DynamicToast.swift */,
				26DC597D2CED725C00851CBF /* Assets.xcassets */,
				26DC597F2CED725C00851CBF /* Preview Content */,
			);
			path = Prototypes;
			sourceTree = "<group>";
		};
		26DC597F2CED725C00851CBF /* Preview Content */ = {
			isa = PBXGroup;
			children = (
				26DC59802CED725C00851CBF /* Preview Assets.xcassets */,
			);
			path = "Preview Content";
			sourceTree = "<group>";
		};
/* End PBXGroup section */

/* Begin PBXNativeTarget section */
		26DC59752CED725B00851CBF /* Prototypes */ = {
			isa = PBXNativeTarget;
			buildConfigurationList = 26DC59842CED725C00851CBF /* Build configuration list for PBXNativeTarget "Prototypes" */;
			buildPhases = (
				26DC59722CED725B00851CBF /* Sources */,
				26DC59732CED725B00851CBF /* Frameworks */,
				26DC59742CED725B00851CBF /* Resources */,
			);
			buildRules = (
			);
			dependencies = (
			);
			name = Prototypes;
			productName = Prototypes;
			productReference = 26DC59762CED725B00851CBF /* Prototypes.app */;
			productType = "com.apple.product-type.application";
		};
/* End PBXNativeTarget section */

/* Begin PBXProject section */
		26DC596E2CED725B00851CBF /* Project object */ = {
			isa = PBXProject;
			attributes = {
				BuildIndependentTargetsInParallel = 1;
				LastSwiftUpdateCheck = 1540;
				LastUpgradeCheck = 1540;
				TargetAttributes = {
					26DC59752CED725B00851CBF = {
						CreatedOnToolsVersion = 15.4;
					};
				};
			};
			buildConfigurationList = 26DC59712CED725B00851CBF /* Build configuration list for PBXProject "Prototypes" */;
			compatibilityVersion = "Xcode 14.0";
			developmentRegion = en;
			hasScannedForEncodings = 0;
			knownRegions = (
				en,
				Base,
			);
			mainGroup = 26DC596D2CED725B00851CBF;
			productRefGroup = 26DC59772CED725B00851CBF /* Products */;
			projectDirPath = "";
			projectRoot = "";
			targets = (
				26DC59752CED725B00851CBF /* Prototypes */,
			);
		};
/* End PBXProject section */

/* Begin PBXResourcesBuildPhase section */
		26DC59742CED725B00851CBF /* Resources */ = {
			isa = PBXResourcesBuildPhase;
			buildActionMask = 2147483647;
			files = (
				26DC59812CED725C00851CBF /* Preview Assets.xcassets in Resources */,
				26DC597E2CED725C00851CBF /* Assets.xcassets in Resources */,
			);
			runOnlyForDeploymentPostprocessing = 0;
		};
/* End PBXResourcesBuildPhase section */

/* Begin PBXSourcesBuildPhase section */
		26DC59722CED725B00851CBF /* Sources */ = {
			isa = PBXSourcesBuildPhase;
			buildActionMask = 2147483647;
			files = (
				D13DD1862D2881F3000BBDF0 /* MapTile.swift in Sources */,
				263802CF2D0002350011D3AC /* ThingsListCell.swift in Sources */,
				26DC597C2CED725B00851CBF /* ContentView.swift in Sources */,
				263803002D091E340011D3AC /* Counter.swift in Sources */,
				D13DD1882D28834E000BBDF0 /* DynamicToast.swift in Sources */,
				269672122D1F3FEE00E6C893 /* SignSheet.swift in Sources */,
				263803022D0BCF850011D3AC /* ThingsSearchIcon.swift in Sources */,
				269672102D1702FE00E6C893 /* ComposerSwipe.swift in Sources */,
				2696720E2D13B2B900E6C893 /* ConfettiEffect.swift in Sources */,
				26E6E7392CF8DBC90081B66E /* MeshPractice.swift in Sources */,
				26E074E62D0DED84000025B2 /* FamilyTray.swift in Sources */,
				26DC597A2CED725B00851CBF /* PrototypesApp.swift in Sources */,
				26DC59882CED727200851CBF /* IDCard.swift in Sources */,
			);
			runOnlyForDeploymentPostprocessing = 0;
		};
/* End PBXSourcesBuildPhase section */

/* Begin XCBuildConfiguration section */
		26DC59822CED725C00851CBF /* Debug */ = {
			isa = XCBuildConfiguration;
			buildSettings = {
				ALWAYS_SEARCH_USER_PATHS = NO;
				ASSETCATALOG_COMPILER_GENERATE_SWIFT_ASSET_SYMBOL_EXTENSIONS = YES;
				CLANG_ANALYZER_NONNULL = YES;
				CLANG_ANALYZER_NUMBER_OBJECT_CONVERSION = YES_AGGRESSIVE;
				CLANG_CXX_LANGUAGE_STANDARD = "gnu++20";
				CLANG_ENABLE_MODULES = YES;
				CLANG_ENABLE_OBJC_ARC = YES;
				CLANG_ENABLE_OBJC_WEAK = YES;
				CLANG_WARN_BLOCK_CAPTURE_AUTORELEASING = YES;
				CLANG_WARN_BOOL_CONVERSION = YES;
				CLANG_WARN_COMMA = YES;
				CLANG_WARN_CONSTANT_CONVERSION = YES;
				CLANG_WARN_DEPRECATED_OBJC_IMPLEMENTATIONS = YES;
				CLANG_WARN_DIRECT_OBJC_ISA_USAGE = YES_ERROR;
				CLANG_WARN_DOCUMENTATION_COMMENTS = YES;
				CLANG_WARN_EMPTY_BODY = YES;
				CLANG_WARN_ENUM_CONVERSION = YES;
				CLANG_WARN_INFINITE_RECURSION = YES;
				CLANG_WARN_INT_CONVERSION = YES;
				CLANG_WARN_NON_LITERAL_NULL_CONVERSION = YES;
				CLANG_WARN_OBJC_IMPLICIT_RETAIN_SELF = YES;
				CLANG_WARN_OBJC_LITERAL_CONVERSION = YES;
				CLANG_WARN_OBJC_ROOT_CLASS = YES_ERROR;
				CLANG_WARN_QUOTED_INCLUDE_IN_FRAMEWORK_HEADER = YES;
				CLANG_WARN_RANGE_LOOP_ANALYSIS = YES;
				CLANG_WARN_STRICT_PROTOTYPES = YES;
				CLANG_WARN_SUSPICIOUS_MOVE = YES;
				CLANG_WARN_UNGUARDED_AVAILABILITY = YES_AGGRESSIVE;
				CLANG_WARN_UNREACHABLE_CODE = YES;
				CLANG_WARN__DUPLICATE_METHOD_MATCH = YES;
				COPY_PHASE_STRIP = NO;
				DEBUG_INFORMATION_FORMAT = dwarf;
				ENABLE_STRICT_OBJC_MSGSEND = YES;
				ENABLE_TESTABILITY = YES;
				ENABLE_USER_SCRIPT_SANDBOXING = YES;
				GCC_C_LANGUAGE_STANDARD = gnu17;
				GCC_DYNAMIC_NO_PIC = NO;
				GCC_NO_COMMON_BLOCKS = YES;
				GCC_OPTIMIZATION_LEVEL = 0;
				GCC_PREPROCESSOR_DEFINITIONS = (
					"DEBUG=1",
					"$(inherited)",
				);
				GCC_WARN_64_TO_32_BIT_CONVERSION = YES;
				GCC_WARN_ABOUT_RETURN_TYPE = YES_ERROR;
				GCC_WARN_UNDECLARED_SELECTOR = YES;
				GCC_WARN_UNINITIALIZED_AUTOS = YES_AGGRESSIVE;
				GCC_WARN_UNUSED_FUNCTION = YES;
				GCC_WARN_UNUSED_VARIABLE = YES;
				IPHONEOS_DEPLOYMENT_TARGET = 17.5;
				LOCALIZATION_PREFERS_STRING_CATALOGS = YES;
				MTL_ENABLE_DEBUG_INFO = INCLUDE_SOURCE;
				MTL_FAST_MATH = YES;
				ONLY_ACTIVE_ARCH = YES;
				SDKROOT = iphoneos;
				SWIFT_ACTIVE_COMPILATION_CONDITIONS = "DEBUG $(inherited)";
				SWIFT_OPTIMIZATION_LEVEL = "-Onone";
			};
			name = Debug;
		};
		26DC59832CED725C00851CBF /* Release */ = {
			isa = XCBuildConfiguration;
			buildSettings = {
				ALWAYS_SEARCH_USER_PATHS = NO;
				ASSETCATALOG_COMPILER_GENERATE_SWIFT_ASSET_SYMBOL_EXTENSIONS = YES;
				CLANG_ANALYZER_NONNULL = YES;
				CLANG_ANALYZER_NUMBER_OBJECT_CONVERSION = YES_AGGRESSIVE;
				CLANG_CXX_LANGUAGE_STANDARD = "gnu++20";
				CLANG_ENABLE_MODULES = YES;
				CLANG_ENABLE_OBJC_ARC = YES;
				CLANG_ENABLE_OBJC_WEAK = YES;
				CLANG_WARN_BLOCK_CAPTURE_AUTORELEASING = YES;
				CLANG_WARN_BOOL_CONVERSION = YES;
				CLANG_WARN_COMMA = YES;
				CLANG_WARN_CONSTANT_CONVERSION = YES;
				CLANG_WARN_DEPRECATED_OBJC_IMPLEMENTATIONS = YES;
				CLANG_WARN_DIRECT_OBJC_ISA_USAGE = YES_ERROR;
				CLANG_WARN_DOCUMENTATION_COMMENTS = YES;
				CLANG_WARN_EMPTY_BODY = YES;
				CLANG_WARN_ENUM_CONVERSION = YES;
				CLANG_WARN_INFINITE_RECURSION = YES;
				CLANG_WARN_INT_CONVERSION = YES;
				CLANG_WARN_NON_LITERAL_NULL_CONVERSION = YES;
				CLANG_WARN_OBJC_IMPLICIT_RETAIN_SELF = YES;
				CLANG_WARN_OBJC_LITERAL_CONVERSION = YES;
				CLANG_WARN_OBJC_ROOT_CLASS = YES_ERROR;
				CLANG_WARN_QUOTED_INCLUDE_IN_FRAMEWORK_HEADER = YES;
				CLANG_WARN_RANGE_LOOP_ANALYSIS = YES;
				CLANG_WARN_STRICT_PROTOTYPES = YES;
				CLANG_WARN_SUSPICIOUS_MOVE = YES;
				CLANG_WARN_UNGUARDED_AVAILABILITY = YES_AGGRESSIVE;
				CLANG_WARN_UNREACHABLE_CODE = YES;
				CLANG_WARN__DUPLICATE_METHOD_MATCH = YES;
				COPY_PHASE_STRIP = NO;
				DEBUG_INFORMATION_FORMAT = "dwarf-with-dsym";
				ENABLE_NS_ASSERTIONS = NO;
				ENABLE_STRICT_OBJC_MSGSEND = YES;
				ENABLE_USER_SCRIPT_SANDBOXING = YES;
				GCC_C_LANGUAGE_STANDARD = gnu17;
				GCC_NO_COMMON_BLOCKS = YES;
				GCC_WARN_64_TO_32_BIT_CONVERSION = YES;
				GCC_WARN_ABOUT_RETURN_TYPE = YES_ERROR;
				GCC_WARN_UNDECLARED_SELECTOR = YES;
				GCC_WARN_UNINITIALIZED_AUTOS = YES_AGGRESSIVE;
				GCC_WARN_UNUSED_FUNCTION = YES;
				GCC_WARN_UNUSED_VARIABLE = YES;
				IPHONEOS_DEPLOYMENT_TARGET = 17.5;
				LOCALIZATION_PREFERS_STRING_CATALOGS = YES;
				MTL_ENABLE_DEBUG_INFO = NO;
				MTL_FAST_MATH = YES;
				SDKROOT = iphoneos;
				SWIFT_COMPILATION_MODE = wholemodule;
				VALIDATE_PRODUCT = YES;
			};
			name = Release;
		};
		26DC59852CED725C00851CBF /* Debug */ = {
			isa = XCBuildConfiguration;
			buildSettings = {
				ASSETCATALOG_COMPILER_APPICON_NAME = AppIcon;
				ASSETCATALOG_COMPILER_GLOBAL_ACCENT_COLOR_NAME = AccentColor;
				CODE_SIGN_STYLE = Automatic;
				CURRENT_PROJECT_VERSION = 1;
				DEVELOPMENT_ASSET_PATHS = "\"Prototypes/Preview Content\"";
				DEVELOPMENT_TEAM = C439SXF5QX;
				ENABLE_PREVIEWS = YES;
				GENERATE_INFOPLIST_FILE = YES;
				INFOPLIST_KEY_NSLocationUsageDescription = "We need your location to show on the Map";
				INFOPLIST_KEY_NSLocationWhenInUseUsageDescription = "We need your location to show on the Map";
				INFOPLIST_KEY_UIApplicationSceneManifest_Generation = YES;
				INFOPLIST_KEY_UIApplicationSupportsIndirectInputEvents = YES;
				INFOPLIST_KEY_UILaunchScreen_Generation = YES;
				INFOPLIST_KEY_UISupportedInterfaceOrientations_iPad = "UIInterfaceOrientationPortrait UIInterfaceOrientationPortraitUpsideDown UIInterfaceOrientationLandscapeLeft UIInterfaceOrientationLandscapeRight";
				INFOPLIST_KEY_UISupportedInterfaceOrientations_iPhone = "UIInterfaceOrientationPortrait UIInterfaceOrientationLandscapeLeft UIInterfaceOrientationLandscapeRight";
				IPHONEOS_DEPLOYMENT_TARGET = 18.0;
				LD_RUNPATH_SEARCH_PATHS = (
					"$(inherited)",
					"@executable_path/Frameworks",
				);
				MARKETING_VERSION = 1.0;
				PRODUCT_BUNDLE_IDENTIFIER = io.joshn.Prototypes;
				PRODUCT_NAME = "$(TARGET_NAME)";
				SWIFT_EMIT_LOC_STRINGS = YES;
				SWIFT_VERSION = 5.0;
				TARGETED_DEVICE_FAMILY = "1,2";
			};
			name = Debug;
		};
		26DC59862CED725C00851CBF /* Release */ = {
			isa = XCBuildConfiguration;
			buildSettings = {
				ASSETCATALOG_COMPILER_APPICON_NAME = AppIcon;
				ASSETCATALOG_COMPILER_GLOBAL_ACCENT_COLOR_NAME = AccentColor;
				CODE_SIGN_STYLE = Automatic;
				CURRENT_PROJECT_VERSION = 1;
				DEVELOPMENT_ASSET_PATHS = "\"Prototypes/Preview Content\"";
				DEVELOPMENT_TEAM = C439SXF5QX;
				ENABLE_PREVIEWS = YES;
				GENERATE_INFOPLIST_FILE = YES;
				INFOPLIST_KEY_NSLocationUsageDescription = "We need your location to show on the Map";
				INFOPLIST_KEY_NSLocationWhenInUseUsageDescription = "We need your location to show on the Map";
				INFOPLIST_KEY_UIApplicationSceneManifest_Generation = YES;
				INFOPLIST_KEY_UIApplicationSupportsIndirectInputEvents = YES;
				INFOPLIST_KEY_UILaunchScreen_Generation = YES;
				INFOPLIST_KEY_UISupportedInterfaceOrientations_iPad = "UIInterfaceOrientationPortrait UIInterfaceOrientationPortraitUpsideDown UIInterfaceOrientationLandscapeLeft UIInterfaceOrientationLandscapeRight";
				INFOPLIST_KEY_UISupportedInterfaceOrientations_iPhone = "UIInterfaceOrientationPortrait UIInterfaceOrientationLandscapeLeft UIInterfaceOrientationLandscapeRight";
				IPHONEOS_DEPLOYMENT_TARGET = 18.0;
				LD_RUNPATH_SEARCH_PATHS = (
					"$(inherited)",
					"@executable_path/Frameworks",
				);
				MARKETING_VERSION = 1.0;
				PRODUCT_BUNDLE_IDENTIFIER = io.joshn.Prototypes;
				PRODUCT_NAME = "$(TARGET_NAME)";
				SWIFT_EMIT_LOC_STRINGS = YES;
				SWIFT_VERSION = 5.0;
				TARGETED_DEVICE_FAMILY = "1,2";
			};
			name = Release;
		};
/* End XCBuildConfiguration section */

/* Begin XCConfigurationList section */
		26DC59712CED725B00851CBF /* Build configuration list for PBXProject "Prototypes" */ = {
			isa = XCConfigurationList;
			buildConfigurations = (
				26DC59822CED725C00851CBF /* Debug */,
				26DC59832CED725C00851CBF /* Release */,
			);
			defaultConfigurationIsVisible = 0;
			defaultConfigurationName = Release;
		};
		26DC59842CED725C00851CBF /* Build configuration list for PBXNativeTarget "Prototypes" */ = {
			isa = XCConfigurationList;
			buildConfigurations = (
				26DC59852CED725C00851CBF /* Debug */,
				26DC59862CED725C00851CBF /* Release */,
			);
			defaultConfigurationIsVisible = 0;
			defaultConfigurationName = Release;
		};
/* End XCConfigurationList section */
	};
	rootObject = 26DC596E2CED725B00851CBF /* Project object */;
}
